#MicroXplorer Configuration settings - do not modify
Mcu.Family=STM32G0
RCC.LPUART2Freq_Value=64000000
PF7.GPIOParameters=GPIO_Label
PC3.Mode=FDCAN_Activate
ProjectManager.MainLocation=Core/Src
PC7.GPIOParameters=GPIO_Label
RCC.USART1Freq_Value=64000000
TIM17.Prescaler=63
RCC.CortexFreq_Value=64000000
VP_TIM17_VS_ClockSourceINT.Mode=Enable_Timer
ProjectManager.KeepUserCode=true
Mcu.UserName=STM32G0B1VETx
PE11.GPIOParameters=GPIO_Label
PD9.GPIOParameters=GPIO_Label
PC12.Locked=true
PE11.GPIO_Label=IN2
PC12.Signal=GPIO_Input
PC5.Locked=true
PC7.Locked=true
PA14-BOOT0.Mode=Serial_Wire
ProjectManager.functionlistsort=1-MX_GPIO_Init-GPIO-false-HAL-true,2-SystemClock_Config-RCC-false-HAL-false,3-MX_FDCAN2_Init-FDCAN2-false-HAL-true
PA9.GPIOParameters=GPIO_Label
PD8.Locked=true
PC6.GPIO_Label=IN12
PA3.GPIOParameters=GPIO_Label
PB0.GPIO_Label=OUT9
PB6.GPIO_Label=OUT1
RCC.USART2Freq_Value=64000000
NVIC.SVC_IRQn=true\:0\:0\:false\:false\:false\:false\:false\:false
PC13.GPIO_Label=ADD_S3
PB11.Signal=GPIO_Input
PA2.GPIOParameters=GPIO_Label
PinOutPanel.RotationAngle=0
PF0-OSC_IN\ (PF0).Signal=RCC_OSC_IN
PE6.GPIO_Label=ADD_S5
PF6.GPIO_Label=OUT12
PE5.GPIOParameters=GPIO_Label
RCC.MCO1PinFreq_Value=64000000
RCC.SYSCLKSource=RCC_SYSCLKSOURCE_PLLCLK
ProjectManager.StackSize=0x400
VP_FREERTOS_VS_CMSIS_V2.Mode=CMSIS_V2
RCC.LPTIM1Freq_Value=64000000
Mcu.IP4=SYS
RCC.FCLKCortexFreq_Value=64000000
Mcu.IP5=TIM17
Mcu.IP2=NVIC
Mcu.IP3=RCC
Mcu.IP0=FDCAN2
Mcu.IP1=FREERTOS
PE4.GPIOParameters=GPIO_Label
PC15-OSC32_OUT\ (PC15).GPIOParameters=GPIO_Label
Mcu.UserConstants=
PF7.Signal=GPIO_Output
Mcu.ThirdPartyNb=0
RCC.HCLKFreq_Value=64000000
Mcu.IPNb=6
ProjectManager.PreviousToolchain=
PB6.Signal=GPIO_Output
PC7.Signal=GPIO_Input
PD8.GPIOParameters=GPIO_Label
PC3.Signal=FDCAN2_TX
PA8.GPIOParameters=GPIO_Label
Mcu.Pin6=PC14-OSC32_IN (PC14)
Mcu.Pin7=PC15-OSC32_OUT (PC15)
PD8.Signal=GPIO_Input
TIM17.IPParameters=Prescaler,Period
PE5.Signal=GPIO_Input
Mcu.Pin8=PF0-OSC_IN (PF0)
PE10.Locked=true
Mcu.Pin9=PF1-OSC_OUT (PF1)
FREERTOS.IPParameters=Tasks01,FootprintOK
RCC.AHBFreq_Value=64000000
Mcu.Pin0=PB9
Mcu.Pin1=PE4
PE14.Locked=true
PA14-BOOT0.Signal=SYS_SWCLK
GPIO.groupedBy=Group By Peripherals
Mcu.Pin2=PE5
Mcu.Pin3=PE6
RCC.USART3Freq_Value=64000000
Mcu.Pin4=PC12
PD10.GPIOParameters=GPIO_Label
Mcu.Pin5=PC13
ProjectManager.ProjectBuild=false
RCC.HSE_VALUE=8000000
PB2.Signal=GPIO_Output
PA8.Locked=true
PA4.Locked=true
NVIC.SysTick_IRQn=true\:3\:0\:false\:false\:false\:true\:false\:true
PB12.GPIO_Label=IN9
TIM17.Period=999
ProjectManager.FirmwarePackage=STM32Cube FW_G0 V1.4.1
MxDb.Version=DB.6.0.21
PB0.GPIOParameters=GPIO_Label
PE15.Locked=true
PA1.GPIOParameters=GPIO_Label
PE13.Signal=GPIO_Input
ProjectManager.BackupPrevious=false
PF7.GPIO_Label=OUT13
RCC.VCOInputFreq_Value=16000000
PE9.Signal=GPIO_Output
PE8.Locked=true
PE9.Locked=true
VP_SYS_VS_tim1.Mode=TIM1
PB1.GPIO_Label=OUT10
File.Version=6
PE4.GPIO_Label=BUZZER_IN
PE3.GPIOParameters=GPIO_Label
VP_SYS_VS_DBSignals.Mode=DisableDeadBatterySignals
FDCAN2.NominalSyncJumpWidth=2
PE2.Signal=GPIO_Output
PE3.Locked=true
PB7.Signal=GPIO_Output
PA8.Signal=GPIO_Input
PB8.Locked=true
RCC.PLLRCLKFreq_Value=64000000
PB6.Locked=true
NVIC.PendSV_IRQn=true\:3\:0\:false\:false\:false\:true\:false\:false
PF3.Signal=GPIO_Input
PE10.Signal=GPIO_Input
PE4.Signal=GPIO_Input
PE6.GPIOParameters=GPIO_Label
PF1-OSC_OUT\ (PF1).Mode=HSE-External-Oscillator
PB6.GPIOParameters=GPIO_Label
ProjectManager.HalAssertFull=false
PB0.Locked=true
ProjectManager.ProjectName=MSDL_STM32G0_CRPF
RCC.TIM1Freq_Value=64000000
PB7.GPIO_Label=OUT2
RCC.MCO2PinFreq_Value=64000000
Mcu.Package=LQFP100
PB9.Signal=GPIO_Output
PB1.Signal=GPIO_Output
RCC.TIM15Freq_Value=64000000
NVIC.TimeBase=TIM1_BRK_UP_TRG_COM_IRQn
RCC.I2S2Freq_Value=64000000
PE10.GPIOParameters=GPIO_Label
RCC.APBFreq_Value=64000000
ProjectManager.ToolChainLocation=
PA2.GPIO_Label=OUT5
RCC.LSI_VALUE=32000
NVIC.TimeBaseIP=TIM1
RCC.LSCOPinFreq_Value=32000
FREERTOS.FootprintOK=true
PE12.GPIO_Label=IN3
PF7.Locked=true
PC14-OSC32_IN\ (PC14).Locked=true
RCC.PLLPoutputFreq_Value=64000000
RCC.CECFreq_Value=32786.88524590164
RCC.LPUART1Freq_Value=64000000
PC5.Signal=GPIO_Output
PB10.GPIOParameters=GPIO_Label
PE6.Locked=true
PE7.Signal=GPIO_Output
PE10.GPIO_Label=IN1
PF3.GPIO_Label=ADD_S0
PA4.GPIO_Label=OUT7
PE12.Locked=true
PE2.GPIO_Label=CAN_OK
ProjectManager.CustomerFirmwarePackage=
RCC.HSI48_VALUE=48000000
PA3.Signal=GPIO_Output
PA2.Locked=true
RCC.PLLQoutputFreq_Value=64000000
ProjectManager.ProjectFileName=MSDL_STM32G0_CRPF.ioc
PE8.GPIOParameters=GPIO_Label
PC15-OSC32_OUT\ (PC15).GPIO_Label=ADD_S1
FREERTOS.Tasks01=defaultTask,24,128,StartDefaultTask,Default,NULL,Dynamic,NULL,NULL;CanOpenMenagerT,24,512,CanOpenMenager,Default,NULL,Dynamic,NULL,NULL
PB8.GPIOParameters=GPIO_Label
PB9.GPIO_Label=BUZZER_OUT
PE14.GPIOParameters=GPIO_Label
PD9.GPIO_Label=IN15
Mcu.PinsNb=53
ProjectManager.NoMain=false
PC13.Locked=true
NVIC.SavedSvcallIrqHandlerGenerated=true
PC13.Signal=GPIO_Input
PA9.GPIO_Label=IN11
PC2.Signal=FDCAN2_RX
PC6.Signal=GPIO_Input
PB11.GPIO_Label=IN8
RCC.EXTERNAL_CLOCK_VALUE=48000
ProjectManager.DefaultFWLocation=true
PC2.Mode=FDCAN_Activate
PE14.GPIO_Label=IN5
PC15-OSC32_OUT\ (PC15).Signal=GPIO_Input
PD9.Signal=GPIO_Input
PB12.Locked=true
ProjectManager.DeletePrevious=true
PB10.Locked=true
VP_TIM17_VS_ClockSourceINT.Signal=TIM17_VS_ClockSourceINT
RCC.FamilyName=M
PC14-OSC32_IN\ (PC14).GPIO_Label=ADD_S2
PB9.GPIOParameters=GPIO_Label
PE9.GPIOParameters=GPIO_Label
PE15.GPIOParameters=GPIO_Label
PD8.GPIO_Label=IN14
PF0-OSC_IN\ (PF0).Mode=HSE-External-Oscillator
PC12.GPIOParameters=GPIO_Label
PD10.Signal=GPIO_Input
FDCAN2.NominalTimeSeg1=13
PA13.Signal=SYS_SWDIO
PB8.GPIO_Label=OUT3
PA8.GPIO_Label=IN10
PE15.GPIO_Label=IN6
PF6.Signal=GPIO_Output
ProjectManager.TargetToolchain=STM32CubeIDE
PB10.GPIO_Label=IN7
PE7.GPIOParameters=GPIO_Label
Mcu.Pin51=VP_SYS_VS_DBSignals
Mcu.Pin52=VP_TIM17_VS_ClockSourceINT
PF6.Locked=true
Mcu.Pin50=VP_SYS_VS_tim1
PB7.GPIOParameters=GPIO_Label
PE8.GPIO_Label=OUT15
PC5.GPIOParameters=GPIO_Label
PC6.Locked=true
PB2.GPIOParameters=GPIO_Label
PA9.Signal=GPIO_Input
RCC.I2S1Freq_Value=64000000
PE4.Locked=true
PB9.Locked=true
PB11.GPIOParameters=GPIO_Label
FDCAN2.NominalPrescaler=16
PC2.Locked=true
PE2.GPIOParameters=GPIO_Label
ProjectManager.RegisterCallBack=
PC15-OSC32_OUT\ (PC15).Locked=true
RCC.USBFreq_Value=48000000
PD10.GPIO_Label=IN16
PE11.Signal=GPIO_Input
RCC.LSE_VALUE=32768
PE9.GPIO_Label=OUT16
PA1.Signal=GPIO_Output
Mcu.Pin48=PB8
Mcu.Pin49=VP_FREERTOS_VS_CMSIS_V2
PB1.Locked=true
Mcu.Pin46=PB6
Mcu.Pin47=PB7
PB10.Signal=GPIO_Input
PF3.GPIOParameters=GPIO_Label
Mcu.Pin40=PD9
Mcu.Pin41=PD10
PE13.GPIOParameters=GPIO_Label
Mcu.Pin44=PE2
Mcu.Pin45=PE3
Mcu.Pin42=PA13
board=custom
Mcu.Pin43=PA14-BOOT0
RCC.VCOOutputFreq_Value=128000000
ProjectManager.LastFirmware=true
FDCAN2.IPParameters=NominalPrescaler,NominalTimeSeg1,NominalSyncJumpWidth
NVIC.SavedSystickIrqHandlerGenerated=true
PE14.Signal=GPIO_Input
PE15.Signal=GPIO_Input
MxCube.Version=6.2.1
Mcu.Pin37=PC6
Mcu.Pin38=PC7
Mcu.Pin35=PA8
RCC.I2C1Freq_Value=64000000
PE8.Signal=GPIO_Output
Mcu.Pin36=PA9
VP_SYS_VS_tim1.Signal=SYS_VS_tim1
PC13.GPIOParameters=GPIO_Label
VP_SYS_VS_DBSignals.Signal=SYS_VS_DBSignals
RCC.FDCANFreq_Value=64000000
Mcu.Pin39=PD8
Mcu.Pin30=PE14
RCC.ADCFreq_Value=64000000
PA1.GPIO_Label=OUT4
Mcu.Pin33=PB11
Mcu.Pin34=PB12
Mcu.Pin31=PE15
Mcu.Pin32=PB10
PA9.Locked=true
NVIC.NonMaskableInt_IRQn=true\:0\:0\:false\:false\:true\:false\:false\:false
PA4.GPIOParameters=GPIO_Label
PE5.Locked=true
PE6.Signal=GPIO_Input
PE7.Locked=true
PA13.Mode=Serial_Wire
ProjectManager.FreePins=false
RCC.IPParameters=ADCFreq_Value,AHBFreq_Value,APBFreq_Value,APBTimFreq_Value,CECFreq_Value,CortexFreq_Value,EXTERNAL_CLOCK_VALUE,FCLKCortexFreq_Value,FDCANFreq_Value,FamilyName,HCLKFreq_Value,HSE_VALUE,HSI48_VALUE,HSI_VALUE,I2C1Freq_Value,I2C2Freq_Value,I2S1Freq_Value,I2S2Freq_Value,LPTIM1Freq_Value,LPTIM2Freq_Value,LPUART1Freq_Value,LPUART2Freq_Value,LSCOPinFreq_Value,LSE_VALUE,LSI_VALUE,MCO1PinFreq_Value,MCO2PinFreq_Value,PLLPoutputFreq_Value,PLLQoutputFreq_Value,PLLRCLKFreq_Value,PWRFreq_Value,SYSCLKFreq_VALUE,SYSCLKSource,TIM15Freq_Value,TIM1Freq_Value,USART1Freq_Value,USART2Freq_Value,USART3Freq_Value,USBFreq_Value,VCOInputFreq_Value,VCOOutputFreq_Value
PE11.Locked=true
ProjectManager.AskForMigrate=true
Mcu.Name=STM32G0B1V(B-C-E)Tx
RCC.LPTIM2Freq_Value=64000000
PE7.GPIO_Label=OUT14
Mcu.Pin26=PE10
PE12.Signal=GPIO_Input
PA14-BOOT0.Locked=true
Mcu.Pin27=PE11
NVIC.SavedPendsvIrqHandlerGenerated=true
PA2.Signal=GPIO_Output
Mcu.Pin24=PE8
ProjectManager.UnderRoot=true
Mcu.Pin25=PE9
PE13.Locked=true
PB2.Locked=true
VP_FREERTOS_VS_CMSIS_V2.Signal=FREERTOS_VS_CMSIS_V2
Mcu.Pin28=PE12
PC7.GPIO_Label=IN13
Mcu.Pin29=PE13
ProjectManager.CoupleFile=true
PA4.Signal=GPIO_Output
RCC.APBTimFreq_Value=64000000
RCC.SYSCLKFreq_VALUE=64000000
Mcu.Pin22=PF7
Mcu.Pin23=PE7
PA1.Locked=true
Mcu.Pin20=PB2
PA3.Locked=true
Mcu.Pin21=PF6
PE13.GPIO_Label=IN4
PF1-OSC_OUT\ (PF1).Signal=RCC_OSC_OUT
PD10.Locked=true
NVIC.ForceEnableDMAVector=true
KeepUserPlacement=false
PC5.GPIO_Label=OUT8
PC14-OSC32_IN\ (PC14).Signal=GPIO_Input
PE5.GPIO_Label=CAN_BUAD_RATE
PC12.GPIO_Label=ADD_S4
ProjectManager.CompilerOptimize=6
PB2.GPIO_Label=OUT11
ProjectManager.HeapSize=0x200
Mcu.Pin15=PA3
NVIC.HardFault_IRQn=true\:0\:0\:false\:false\:true\:false\:false\:false
Mcu.Pin16=PA4
Mcu.Pin13=PA1
PF6.GPIOParameters=GPIO_Label
Mcu.Pin14=PA2
PC6.GPIOParameters=GPIO_Label
Mcu.Pin19=PB1
ProjectManager.ComputerToolchain=false
Mcu.Pin17=PC5
RCC.HSI_VALUE=16000000
Mcu.Pin18=PB0
PC14-OSC32_IN\ (PC14).GPIOParameters=GPIO_Label
Mcu.Pin11=PC2
Mcu.Pin12=PC3
Mcu.Pin10=PF3
PB7.Locked=true
PE2.Locked=true
PE3.Signal=GPIO_Output
PB8.Signal=GPIO_Output
PE3.GPIO_Label=CAN_FAULT
RCC.PWRFreq_Value=64000000
PF3.Locked=true
PE12.GPIOParameters=GPIO_Label
RCC.I2C2Freq_Value=64000000
PD9.Locked=true
PB0.Signal=GPIO_Output
NVIC.TIM1_BRK_UP_TRG_COM_IRQn=true\:0\:0\:false\:false\:true\:false\:false\:true
PB11.Locked=true
ProjectManager.DeviceId=STM32G0B1VETx
PB12.GPIOParameters=GPIO_Label
PB12.Signal=GPIO_Input
ProjectManager.LibraryCopy=1
PA3.GPIO_Label=OUT6
PB1.GPIOParameters=GPIO_Label
isbadioc=false
