#MicroXplorer Configuration settings - do not modify
PF7.GPIOParameters=GPIO_PuPd,GPIO_Label
PC7.GPIOParameters=GPIO_PuPd,GPIO_Label
RCC.USART1Freq_Value=64000000
PE11.GPIOParameters=GPIO_PuPd,GPIO_Label
FDCAN2.DataPrescaler=32
PB10.GPIO_PuPd=GPIO_PULLUP
FREERTOS.configUSE_DAEMON_TASK_STARTUP_HOOK=1
PC12.Locked=true
PC12.Signal=GPIO_Input
NVIC.TIM17_FDCAN_IT1_IRQn=true\:3\:0\:false\:false\:true\:true\:true\:true
PE8.GPIO_PuPd=GPIO_PULLUP
PC7.Locked=true
PA3.GPIO_PuPd=GPIO_PULLUP
PD8.Locked=true
PC6.GPIO_Label=IN12
PA3.GPIOParameters=GPIO_PuPd,GPIO_Label
PE10.GPIO_PuPd=GPIO_PULLUP
PB6.GPIO_Label=OUT1
PD10.GPIO_PuPd=GPIO_PULLUP
PA2.GPIOParameters=GPIO_PuPd,GPIO_Label
PinOutPanel.RotationAngle=0
PE6.GPIO_Label=ADD_S5
PF0-OSC_IN\ (PF0).Signal=RCC_OSC_IN
PF6.GPIO_Label=OUT12
RCC.MCO1PinFreq_Value=64000000
RCC.SYSCLKSource=RCC_SYSCLKSOURCE_PLLCLK
RCC.LPTIM1Freq_Value=64000000
PF7.Signal=GPIO_Output
PB6.Signal=GPIO_Output
PC7.Signal=GPIO_Input
PC3.Signal=FDCAN2_TX
PD8.Signal=GPIO_Input
PE5.Signal=GPIO_Input
PE10.Locked=true
PA1.GPIO_PuPd=GPIO_PULLUP
PE14.Locked=true
RCC.USART3Freq_Value=64000000
ProjectManager.ProjectBuild=false
PB2.Signal=GPIO_Output
PA8.Locked=true
PA4.Locked=true
PB12.GPIO_Label=IN9
ProjectManager.FirmwarePackage=STM32Cube FW_G0 V1.4.1
MxDb.Version=DB.6.0.21
PB0.GPIOParameters=GPIO_PuPd,GPIO_Label
PE15.Locked=true
PA1.GPIOParameters=GPIO_PuPd,GPIO_Label
ProjectManager.BackupPrevious=false
PE9.Signal=GPIO_Output
PE9.Locked=true
FDCAN1.TransmitPause=ENABLE
PB1.GPIO_Label=OUT10
FDCAN1.NominalPrescaler=32
PE4.GPIO_Label=BUZZER_IN
FDCAN2.NominalSyncJumpWidth=1
PE2.Signal=GPIO_Output
PA8.Signal=GPIO_Input
RCC.PLLRCLKFreq_Value=64000000
PB6.Locked=true
NVIC.PendSV_IRQn=true\:3\:0\:false\:false\:false\:true\:false\:false
PF3.Signal=GPIO_Input
PE10.Signal=GPIO_Input
ProjectManager.HalAssertFull=false
PB2.GPIO_PuPd=GPIO_PULLUP
RCC.TIM1Freq_Value=64000000
RCC.MCO2PinFreq_Value=64000000
Mcu.Package=LQFP100
PB9.Signal=GPIO_Output
PB1.Signal=GPIO_Output
RCC.TIM15Freq_Value=64000000
NVIC.TimeBase=TIM1_BRK_UP_TRG_COM_IRQn
RCC.I2S2Freq_Value=64000000
PE10.GPIOParameters=GPIO_PuPd,GPIO_Label
RCC.APBFreq_Value=64000000
NVIC.TimeBaseIP=TIM1
RCC.LSCOPinFreq_Value=32000
PB9.GPIO_PuPd=GPIO_PULLUP
PF3.GPIO_PuPd=GPIO_PULLUP
FREERTOS.FootprintOK=true
PE12.GPIO_Label=IN3
PC6.GPIO_PuPd=GPIO_PULLUP
PF7.Locked=true
RCC.PLLPoutputFreq_Value=64000000
FDCAN1.DataTimeSeg2=2
RCC.CECFreq_Value=32786.88524590164
FDCAN1.DataTimeSeg1=13
RCC.LPUART1Freq_Value=64000000
PB10.GPIOParameters=GPIO_PuPd,GPIO_Label
VP_TIM14_VS_ClockSourceINT.Mode=Enable_Timer
PE6.Locked=true
PC12.GPIO_PuPd=GPIO_PULLUP
TIM16.Prescaler=63
TIM14.IPParameters=Prescaler,Period,AutoReloadPreload
PE10.GPIO_Label=IN1
PE6.GPIO_PuPd=GPIO_PULLUP
PD9.GPIO_PuPd=GPIO_PULLUP
PA4.GPIO_Label=OUT7
ProjectManager.CustomerFirmwarePackage=
PC4.Mode=FDCAN_Activate
RCC.HSI48_VALUE=48000000
PE12.GPIO_PuPd=GPIO_PULLUP
PB7.GPIO_PuPd=GPIO_PULLUP
FDCAN2.TransmitPause=ENABLE
RCC.PLLQoutputFreq_Value=64000000
ProjectManager.ProjectFileName=MSDL_STM32G0_CRPF.ioc
PC15-OSC32_OUT\ (PC15).GPIO_Label=ADD_S1
FREERTOS.Tasks01=tpdoRequesterT,24,512,tpdoRequester,Default,NULL,Dynamic,NULL,NULL;CanOpenMenagerT,27,1024,CanOpenMenager,Default,NULL,Dynamic,NULL,NULL
PD9.GPIO_Label=IN15
Mcu.PinsNb=56
FDCAN2.ProtocolException=ENABLE
PC13.Locked=true
PC13.Signal=GPIO_Input
PA9.GPIO_Label=IN11
PB6.GPIO_PuPd=GPIO_PULLUP
FDCAN1.ProtocolException=ENABLE
FREERTOS.configCHECK_FOR_STACK_OVERFLOW=1
PB8.GPIO_PuPd=GPIO_PULLUP
PC2.Signal=FDCAN2_RX
PC6.Signal=GPIO_Input
PB11.GPIO_Label=IN8
VP_TIM16_VS_ClockSourceINT.Mode=Enable_Timer
PC14-OSC32_IN\ (PC14).GPIO_Label=ADD_S2
PF0-OSC_IN\ (PF0).Mode=HSE-External-Oscillator
PD10.Signal=GPIO_Input
FDCAN2.NominalTimeSeg1=13
PB8.GPIO_Label=OUT3
PA8.GPIO_Label=IN10
Mcu.Pin51=VP_FREERTOS_VS_CMSIS_V2
Mcu.Pin52=VP_SYS_VS_tim1
Mcu.Pin50=PB8
Mcu.Pin55=VP_TIM16_VS_ClockSourceINT
Mcu.Pin53=VP_SYS_VS_DBSignals
PE8.GPIO_Label=OUT15
Mcu.Pin54=VP_TIM14_VS_ClockSourceINT
PC6.Locked=true
PA9.Signal=GPIO_Input
PB9.Locked=true
PB11.GPIOParameters=GPIO_PuPd,GPIO_Label
FDCAN2.NominalPrescaler=32
NVIC.TIM16_FDCAN_IT0_IRQn=true\:3\:0\:false\:false\:true\:true\:true\:true
PC7.GPIO_PuPd=GPIO_PULLUP
PE9.GPIO_Label=OUT16
Mcu.Pin48=PB6
Mcu.Pin49=PB7
Mcu.Pin46=PE2
Mcu.Pin47=PE3
PB10.Signal=GPIO_Input
PF3.GPIOParameters=GPIO_PuPd,GPIO_Label
Mcu.Pin40=PD8
PE2.GPIO_PuPd=GPIO_PULLUP
Mcu.Pin41=PD9
PE13.GPIOParameters=GPIO_PuPd,GPIO_Label
Mcu.Pin44=PA13
Mcu.Pin45=PA14-BOOT0
Mcu.Pin42=PD10
Mcu.Pin43=PD13
ProjectManager.LastFirmware=true
FDCAN1.AutoRetransmission=ENABLE
PE14.Signal=GPIO_Input
PE15.Signal=GPIO_Input
Mcu.Pin37=PA9
Mcu.Pin38=PC6
Mcu.Pin35=PB12
RCC.I2C1Freq_Value=64000000
PE8.Signal=GPIO_Output
Mcu.Pin36=PA8
VP_SYS_VS_tim1.Signal=SYS_VS_tim1
VP_SYS_VS_DBSignals.Signal=SYS_VS_DBSignals
Mcu.Pin39=PC7
Mcu.Pin30=PE13
PA1.GPIO_Label=OUT4
Mcu.Pin33=PB10
Mcu.Pin34=PB11
PE3.GPIO_PuPd=GPIO_PULLUP
Mcu.Pin31=PE14
Mcu.Pin32=PE15
PA9.Locked=true
VP_TIM16_VS_ClockSourceINT.Signal=TIM16_VS_ClockSourceINT
NVIC.NonMaskableInt_IRQn=true\:0\:0\:false\:false\:true\:false\:false\:false
PE7.Locked=true
PA13.Mode=Serial_Wire
ProjectManager.FreePins=false
RCC.LPTIM2Freq_Value=64000000
Mcu.Pin26=PE9
Mcu.Pin27=PE10
TIM14.Prescaler=63
Mcu.Pin24=PE7
ProjectManager.UnderRoot=true
PE4.GPIO_PuPd=GPIO_PULLUP
Mcu.Pin25=PE8
PE13.Locked=true
PF7.GPIO_PuPd=GPIO_PULLUP
Mcu.Pin28=PE11
PC7.GPIO_Label=IN13
Mcu.Pin29=PE12
FDCAN1.DataPrescaler=32
PA4.Signal=GPIO_Output
RCC.APBTimFreq_Value=64000000
Mcu.Pin22=PF6
Mcu.Pin23=PF7
Mcu.Pin20=PB1
PA3.Locked=true
Mcu.Pin21=PB2
PE13.GPIO_Label=IN4
PF1-OSC_OUT\ (PF1).Signal=RCC_OSC_OUT
PD10.Locked=true
NVIC.ForceEnableDMAVector=true
PE5.GPIO_Label=CAN_BUAD_RATE
PC12.GPIO_Label=ADD_S4
ProjectManager.CompilerOptimize=6
ProjectManager.HeapSize=0x200
Mcu.Pin15=PA3
NVIC.HardFault_IRQn=true\:0\:0\:false\:false\:true\:false\:false\:false
Mcu.Pin16=PA4
Mcu.Pin13=PA1
Mcu.Pin14=PA2
Mcu.Pin19=PB0
ProjectManager.ComputerToolchain=false
Mcu.Pin17=PC4
Mcu.Pin18=PC5
Mcu.Pin11=PC2
Mcu.Pin12=PC3
Mcu.Pin10=PF3
PF6.GPIO_PuPd=GPIO_PULLUP
PE3.Signal=GPIO_Output
PE2.Locked=true
RCC.PWRFreq_Value=64000000
PF3.Locked=true
PE12.GPIOParameters=GPIO_PuPd,GPIO_Label
PB12.GPIO_PuPd=GPIO_PULLUP
RCC.I2C2Freq_Value=64000000
PB0.Signal=GPIO_Output
NVIC.TIM1_BRK_UP_TRG_COM_IRQn=true\:0\:0\:false\:false\:true\:false\:false\:true
PB12.GPIOParameters=GPIO_PuPd,GPIO_Label
Mcu.Family=STM32G0
RCC.LPUART2Freq_Value=64000000
PC3.Mode=FDCAN_Activate
ProjectManager.MainLocation=Core/Src
PA2.GPIO_PuPd=GPIO_PULLUP
PE7.GPIO_PuPd=GPIO_PULLUP
RCC.CortexFreq_Value=64000000
PC14-OSC32_IN\ (PC14).GPIO_PuPd=GPIO_PULLUP
ProjectManager.KeepUserCode=true
Mcu.UserName=STM32G0B1VETx
PD9.GPIOParameters=GPIO_PuPd,GPIO_Label
TIM14.AutoReloadPreload=TIM_AUTORELOAD_PRELOAD_ENABLE
PE11.GPIO_Label=IN2
PC5.Locked=true
PA14-BOOT0.Mode=Serial_Wire
ProjectManager.functionlistsort=1-MX_GPIO_Init-GPIO-false-HAL-true,2-SystemClock_Config-RCC-false-HAL-false,3-MX_FDCAN2_Init-FDCAN2-false-HAL-true,4-MX_FDCAN1_Init-FDCAN1-false-HAL-true,5-MX_TIM14_Init-TIM14-false-HAL-true,6-MX_TIM16_Init-TIM16-false-HAL-true
PA9.GPIOParameters=GPIO_PuPd,GPIO_Label
PB0.GPIO_Label=OUT9
RCC.USART2Freq_Value=64000000
NVIC.SVC_IRQn=true\:0\:0\:false\:false\:false\:false\:false\:false
PB11.GPIO_PuPd=GPIO_PULLUP
PC13.GPIO_Label=ADD_S3
PD8.GPIO_PuPd=GPIO_PULLUP
PB11.Signal=GPIO_Input
PE5.GPIOParameters=GPIO_PuPd,GPIO_Label
ProjectManager.StackSize=0x400
VP_FREERTOS_VS_CMSIS_V2.Mode=CMSIS_V2
PD13.Signal=FDCAN1_TX
Mcu.IP4=RCC
RCC.FCLKCortexFreq_Value=64000000
Mcu.IP5=SYS
Mcu.IP2=FREERTOS
Mcu.IP3=NVIC
Mcu.IP0=FDCAN1
Mcu.IP1=FDCAN2
PE4.GPIOParameters=GPIO_PuPd,GPIO_Label
PC15-OSC32_OUT\ (PC15).GPIOParameters=GPIO_PuPd,GPIO_Label
Mcu.UserConstants=
PE5.GPIO_PuPd=GPIO_PULLUP
PE11.GPIO_PuPd=GPIO_PULLUP
Mcu.ThirdPartyNb=0
PB1.GPIO_PuPd=GPIO_PULLUP
RCC.HCLKFreq_Value=64000000
Mcu.IPNb=8
ProjectManager.PreviousToolchain=
PD8.GPIOParameters=GPIO_PuPd,GPIO_Label
PA8.GPIOParameters=GPIO_PuPd,GPIO_Label
FREERTOS.configUSE_MALLOC_FAILED_HOOK=1
Mcu.Pin6=PC14-OSC32_IN (PC14)
Mcu.Pin7=PC15-OSC32_OUT (PC15)
Mcu.Pin8=PF0-OSC_IN (PF0)
Mcu.Pin9=PF1-OSC_OUT (PF1)
FREERTOS.IPParameters=Tasks01,FootprintOK,configTOTAL_HEAP_SIZE,configUSE_IDLE_HOOK,configUSE_TICK_HOOK,configUSE_MALLOC_FAILED_HOOK,configUSE_DAEMON_TASK_STARTUP_HOOK,configCHECK_FOR_STACK_OVERFLOW
RCC.AHBFreq_Value=64000000
Mcu.Pin0=PB9
Mcu.Pin1=PE4
PA14-BOOT0.Signal=SYS_SWCLK
GPIO.groupedBy=Group By Peripherals
Mcu.Pin2=PE5
Mcu.Pin3=PE6
Mcu.Pin4=PC12
PD10.GPIOParameters=GPIO_PuPd,GPIO_Label
Mcu.Pin5=PC13
RCC.HSE_VALUE=8000000
PA4.GPIO_PuPd=GPIO_PULLUP
TIM14.Period=999
NVIC.SysTick_IRQn=true\:3\:0\:false\:false\:false\:true\:false\:true
PE13.GPIO_PuPd=GPIO_PULLUP
PE13.Signal=GPIO_Input
PF7.GPIO_Label=OUT13
RCC.VCOInputFreq_Value=8000000
PE8.Locked=true
VP_SYS_VS_tim1.Mode=TIM1
File.Version=6
PC13.GPIO_PuPd=GPIO_PULLUP
PE3.GPIOParameters=GPIO_PuPd,GPIO_Label
VP_SYS_VS_DBSignals.Mode=DisableDeadBatterySignals
PE3.Locked=true
PB7.Signal=GPIO_Output
PB8.Locked=true
PE4.Signal=GPIO_Input
PE6.GPIOParameters=GPIO_PuPd,GPIO_Label
PF1-OSC_OUT\ (PF1).Mode=HSE-External-Oscillator
PB6.GPIOParameters=GPIO_PuPd,GPIO_Label
PB0.Locked=true
FREERTOS.configTOTAL_HEAP_SIZE=8190
FDCAN1.NominalTimeSeg1=13
ProjectManager.ProjectName=MSDL_STM32G0_CRPF
PB7.GPIO_Label=OUT2
ProjectManager.ToolChainLocation=
PA2.GPIO_Label=OUT5
RCC.LSI_VALUE=32000
PC14-OSC32_IN\ (PC14).Locked=true
TIM16.AutoReloadPreload=TIM_AUTORELOAD_PRELOAD_ENABLE
FREERTOS.configUSE_TICK_HOOK=1
PC5.Signal=GPIO_Output
PE7.Signal=GPIO_Output
PF3.GPIO_Label=ADD_S0
PE12.Locked=true
PE2.GPIO_Label=CAN_FAULT
PA3.Signal=GPIO_Output
PA2.Locked=true
RCC.PLLSourceVirtual=RCC_PLLSOURCE_HSE
NVIC.TIM14_IRQn=true\:3\:0\:false\:false\:true\:true\:true\:true
PE8.GPIOParameters=GPIO_PuPd,GPIO_Label
PB8.GPIOParameters=GPIO_PuPd,GPIO_Label
PE14.GPIOParameters=GPIO_PuPd,GPIO_Label
PB9.GPIO_Label=BUZZER_OUT
VP_TIM14_VS_ClockSourceINT.Signal=TIM14_VS_ClockSourceINT
ProjectManager.NoMain=false
NVIC.SavedSvcallIrqHandlerGenerated=true
PC4.Signal=FDCAN1_RX
RCC.EXTERNAL_CLOCK_VALUE=48000
ProjectManager.DefaultFWLocation=true
PC2.Mode=FDCAN_Activate
PE14.GPIO_Label=IN5
PD9.Signal=GPIO_Input
PC15-OSC32_OUT\ (PC15).Signal=GPIO_Input
PB12.Locked=true
ProjectManager.DeletePrevious=true
PB10.Locked=true
PC5.GPIO_PuPd=GPIO_PULLUP
FDCAN1.IPParameters=AutoRetransmission,TransmitPause,ProtocolException,NominalPrescaler,NominalTimeSeg1,DataPrescaler,DataTimeSeg1,DataTimeSeg2
PA9.GPIO_PuPd=GPIO_PULLUP
RCC.FamilyName=M
PB9.GPIOParameters=GPIO_PuPd,GPIO_Label
PE9.GPIOParameters=GPIO_PuPd,GPIO_Label
PE15.GPIOParameters=GPIO_PuPd,GPIO_Label
PD8.GPIO_Label=IN14
PC12.GPIOParameters=GPIO_PuPd,GPIO_Label
PA13.Signal=SYS_SWDIO
FREERTOS.configUSE_IDLE_HOOK=1
PE15.GPIO_Label=IN6
PF6.Signal=GPIO_Output
ProjectManager.TargetToolchain=STM32CubeIDE
PB10.GPIO_Label=IN7
PE7.GPIOParameters=GPIO_PuPd,GPIO_Label
PF6.Locked=true
PB7.GPIOParameters=GPIO_PuPd,GPIO_Label
PC5.GPIOParameters=GPIO_PuPd,GPIO_Label
PB2.GPIOParameters=GPIO_PuPd,GPIO_Label
FDCAN2.DataTimeSeg1=13
FDCAN2.DataTimeSeg2=2
PD13.Mode=FDCAN_Activate
RCC.I2S1Freq_Value=64000000
PE4.Locked=true
PC2.Locked=true
PE2.GPIOParameters=GPIO_PuPd,GPIO_Label
ProjectManager.RegisterCallBack=
PC15-OSC32_OUT\ (PC15).Locked=true
RCC.USBFreq_Value=48000000
PD10.GPIO_Label=IN16
PE11.Signal=GPIO_Input
RCC.LSE_VALUE=32768
PA1.Signal=GPIO_Output
PB1.Locked=true
board=custom
RCC.VCOOutputFreq_Value=128000000
PC15-OSC32_OUT\ (PC15).GPIO_PuPd=GPIO_PULLUP
FDCAN2.IPParameters=NominalPrescaler,NominalTimeSeg1,NominalSyncJumpWidth,AutoRetransmission,DataTimeSeg1,DataTimeSeg2,TransmitPause,ProtocolException,DataPrescaler
TIM16.Period=999
NVIC.SavedSystickIrqHandlerGenerated=true
MxCube.Version=6.2.1
PC13.GPIOParameters=GPIO_PuPd,GPIO_Label
RCC.FDCANFreq_Value=64000000
RCC.ADCFreq_Value=64000000
PA4.GPIOParameters=GPIO_PuPd,GPIO_Label
PE5.Locked=true
PE14.GPIO_PuPd=GPIO_PULLUP
PE6.Signal=GPIO_Input
RCC.IPParameters=ADCFreq_Value,AHBFreq_Value,APBFreq_Value,APBTimFreq_Value,CECFreq_Value,CortexFreq_Value,EXTERNAL_CLOCK_VALUE,FCLKCortexFreq_Value,FDCANFreq_Value,FamilyName,HCLKFreq_Value,HSE_VALUE,HSI48_VALUE,HSI_VALUE,I2C1Freq_Value,I2C2Freq_Value,I2S1Freq_Value,I2S2Freq_Value,LPTIM1Freq_Value,LPTIM2Freq_Value,LPUART1Freq_Value,LPUART2Freq_Value,LSCOPinFreq_Value,LSE_VALUE,LSI_VALUE,MCO1PinFreq_Value,MCO2PinFreq_Value,PLLN,PLLPoutputFreq_Value,PLLQoutputFreq_Value,PLLRCLKFreq_Value,PLLSourceVirtual,PWRFreq_Value,SYSCLKFreq_VALUE,SYSCLKSource,TIM15Freq_Value,TIM1Freq_Value,USART1Freq_Value,USART2Freq_Value,USART3Freq_Value,USBFreq_Value,VCOInputFreq_Value,VCOOutputFreq_Value
PE11.Locked=true
ProjectManager.AskForMigrate=true
Mcu.Name=STM32G0B1V(B-C-E)Tx
PE7.GPIO_Label=OUT14
PE12.Signal=GPIO_Input
PA14-BOOT0.Locked=true
NVIC.SavedPendsvIrqHandlerGenerated=true
PA2.Signal=GPIO_Output
PB2.Locked=true
VP_FREERTOS_VS_CMSIS_V2.Signal=FREERTOS_VS_CMSIS_V2
Mcu.IP6=TIM14
Mcu.IP7=TIM16
ProjectManager.CoupleFile=true
RCC.SYSCLKFreq_VALUE=64000000
PA1.Locked=true
KeepUserPlacement=false
PC5.GPIO_Label=OUT8
PC14-OSC32_IN\ (PC14).Signal=GPIO_Input
FDCAN2.AutoRetransmission=ENABLE
PB2.GPIO_Label=OUT11
PE15.GPIO_PuPd=GPIO_PULLUP
PF6.GPIOParameters=GPIO_PuPd,GPIO_Label
PC6.GPIOParameters=GPIO_PuPd,GPIO_Label
RCC.HSI_VALUE=16000000
PA8.GPIO_PuPd=GPIO_PULLUP
PC14-OSC32_IN\ (PC14).GPIOParameters=GPIO_PuPd,GPIO_Label
RCC.PLLN=16
PB7.Locked=true
PB8.Signal=GPIO_Output
PE3.GPIO_Label=CAN_OK
TIM16.IPParameters=Prescaler,Period,AutoReloadPreload
PD9.Locked=true
PB11.Locked=true
ProjectManager.DeviceId=STM32G0B1VETx
PB12.Signal=GPIO_Input
ProjectManager.LibraryCopy=1
PB0.GPIO_PuPd=GPIO_PULLUP
PA3.GPIO_Label=OUT6
PB1.GPIOParameters=GPIO_PuPd,GPIO_Label
PE9.GPIO_PuPd=GPIO_PULLUP
isbadioc=false
